// !$*UTF8*$!
{
	archiveVersion = 1;
	classes = {
	};
	objectVersion = 46;
	objects = {

/* Begin PBXBuildFile section */
		D6F57CCB1BB66BD200D51749 /* AppDelegate.swift in Sources */ = {isa = PBXBuildFile; fileRef = D6F57CCA1BB66BD200D51749 /* AppDelegate.swift */; };
		D6F57CCD1BB66BD200D51749 /* ViewController.swift in Sources */ = {isa = PBXBuildFile; fileRef = D6F57CCC1BB66BD200D51749 /* ViewController.swift */; };
		D6F57CD01BB66BD200D51749 /* Main.storyboard in Resources */ = {isa = PBXBuildFile; fileRef = D6F57CCE1BB66BD200D51749 /* Main.storyboard */; };
		D6F57CD31BB66BD200D51749 /* App_Racing.xcdatamodeld in Sources */ = {isa = PBXBuildFile; fileRef = D6F57CD11BB66BD200D51749 /* App_Racing.xcdatamodeld */; };
		D6F57CD51BB66BD200D51749 /* Assets.xcassets in Resources */ = {isa = PBXBuildFile; fileRef = D6F57CD41BB66BD200D51749 /* Assets.xcassets */; };
		D6F57CD81BB66BD200D51749 /* LaunchScreen.storyboard in Resources */ = {isa = PBXBuildFile; fileRef = D6F57CD61BB66BD200D51749 /* LaunchScreen.storyboard */; };
		D6F57CE31BB66BD200D51749 /* App_RacingTests.swift in Sources */ = {isa = PBXBuildFile; fileRef = D6F57CE21BB66BD200D51749 /* App_RacingTests.swift */; };
		D6F57CEE1BB66BD200D51749 /* App_RacingUITests.swift in Sources */ = {isa = PBXBuildFile; fileRef = D6F57CED1BB66BD200D51749 /* App_RacingUITests.swift */; };
/* End PBXBuildFile section */

/* Begin PBXContainerItemProxy section */
		D6F57CDF1BB66BD200D51749 /* PBXContainerItemProxy */ = {
			isa = PBXContainerItemProxy;
			containerPortal = D6F57CBF1BB66BD200D51749 /* Project object */;
			proxyType = 1;
			remoteGlobalIDString = D6F57CC61BB66BD200D51749;
			remoteInfo = "App Racing";
		};
		D6F57CEA1BB66BD200D51749 /* PBXContainerItemProxy */ = {
			isa = PBXContainerItemProxy;
			containerPortal = D6F57CBF1BB66BD200D51749 /* Project object */;
			proxyType = 1;
			remoteGlobalIDString = D6F57CC61BB66BD200D51749;
			remoteInfo = "App Racing";
		};
/* End PBXContainerItemProxy section */

/* Begin PBXFileReference section */
		D6F57CC71BB66BD200D51749 /* App Racing.app */ = {isa = PBXFileReference; explicitFileType = wrapper.application; includeInIndex = 0; path = "App Racing.app"; sourceTree = BUILT_PRODUCTS_DIR; };
		D6F57CCA1BB66BD200D51749 /* AppDelegate.swift */ = {isa = PBXFileReference; lastKnownFileType = sourcecode.swift; path = AppDelegate.swift; sourceTree = "<group>"; };
		D6F57CCC1BB66BD200D51749 /* ViewController.swift */ = {isa = PBXFileReference; lastKnownFileType = sourcecode.swift; path = ViewController.swift; sourceTree = "<group>"; };
		D6F57CCF1BB66BD200D51749 /* Base */ = {isa = PBXFileReference; lastKnownFileType = file.storyboard; name = Base; path = Base.lproj/Main.storyboard; sourceTree = "<group>"; };
		D6F57CD21BB66BD200D51749 /* App_Racing.xcdatamodel */ = {isa = PBXFileReference; lastKnownFileType = wrapper.xcdatamodel; path = App_Racing.xcdatamodel; sourceTree = "<group>"; };
		D6F57CD41BB66BD200D51749 /* Assets.xcassets */ = {isa = PBXFileReference; lastKnownFileType = folder.assetcatalog; path = Assets.xcassets; sourceTree = "<group>"; };
		D6F57CD71BB66BD200D51749 /* Base */ = {isa = PBXFileReference; lastKnownFileType = file.storyboard; name = Base; path = Base.lproj/LaunchScreen.storyboard; sourceTree = "<group>"; };
		D6F57CD91BB66BD200D51749 /* Info.plist */ = {isa = PBXFileReference; lastKnownFileType = text.plist.xml; path = Info.plist; sourceTree = "<group>"; };
		D6F57CDE1BB66BD200D51749 /* App RacingTests.xctest */ = {isa = PBXFileReference; explicitFileType = wrapper.cfbundle; includeInIndex = 0; path = "App RacingTests.xctest"; sourceTree = BUILT_PRODUCTS_DIR; };
		D6F57CE21BB66BD200D51749 /* App_RacingTests.swift */ = {isa = PBXFileReference; lastKnownFileType = sourcecode.swift; path = App_RacingTests.swift; sourceTree = "<group>"; };
		D6F57CE41BB66BD200D51749 /* Info.plist */ = {isa = PBXFileReference; lastKnownFileType = text.plist.xml; path = Info.plist; sourceTree = "<group>"; };
		D6F57CE91BB66BD200D51749 /* App RacingUITests.xctest */ = {isa = PBXFileReference; explicitFileType = wrapper.cfbundle; includeInIndex = 0; path = "App RacingUITests.xctest"; sourceTree = BUILT_PRODUCTS_DIR; };
		D6F57CED1BB66BD200D51749 /* App_RacingUITests.swift */ = {isa = PBXFileReference; lastKnownFileType = sourcecode.swift; path = App_RacingUITests.swift; sourceTree = "<group>"; };
		D6F57CEF1BB66BD200D51749 /* Info.plist */ = {isa = PBXFileReference; lastKnownFileType = text.plist.xml; path = Info.plist; sourceTree = "<group>"; };
/* End PBXFileReference section */

/* Begin PBXFrameworksBuildPhase section */
		D6F57CC41BB66BD200D51749 /* Frameworks */ = {
			isa = PBXFrameworksBuildPhase;
			buildActionMask = 2147483647;
			files = (
			);
			runOnlyForDeploymentPostprocessing = 0;
		};
		D6F57CDB1BB66BD200D51749 /* Frameworks */ = {
			isa = PBXFrameworksBuildPhase;
			buildActionMask = 2147483647;
			files = (
			);
			runOnlyForDeploymentPostprocessing = 0;
		};
		D6F57CE61BB66BD200D51749 /* Frameworks */ = {
			isa = PBXFrameworksBuildPhase;
			buildActionMask = 2147483647;
			files = (
			);
			runOnlyForDeploymentPostprocessing = 0;
		};
/* End PBXFrameworksBuildPhase section */

/* Begin PBXGroup section */
		D6F57CBE1BB66BD200D51749 = {
			isa = PBXGroup;
			children = (
				D6F57CC91BB66BD200D51749 /* App Racing */,
				D6F57CE11BB66BD200D51749 /* App RacingTests */,
				D6F57CEC1BB66BD200D51749 /* App RacingUITests */,
				D6F57CC81BB66BD200D51749 /* Products */,
			);
			sourceTree = "<group>";
		};
		D6F57CC81BB66BD200D51749 /* Products */ = {
			isa = PBXGroup;
			children = (
				D6F57CC71BB66BD200D51749 /* App Racing.app */,
				D6F57CDE1BB66BD200D51749 /* App RacingTests.xctest */,
				D6F57CE91BB66BD200D51749 /* App RacingUITests.xctest */,
			);
			name = Products;
			sourceTree = "<group>";
		};
		D6F57CC91BB66BD200D51749 /* App Racing */ = {
			isa = PBXGroup;
			children = (
				D6F57CCA1BB66BD200D51749 /* AppDelegate.swift */,
				D6F57CCC1BB66BD200D51749 /* ViewController.swift */,
				D6F57CCE1BB66BD200D51749 /* Main.storyboard */,
				D6F57CD41BB66BD200D51749 /* Assets.xcassets */,
				D6F57CD61BB66BD200D51749 /* LaunchScreen.storyboard */,
				D6F57CD91BB66BD200D51749 /* Info.plist */,
				D6F57CD11BB66BD200D51749 /* App_Racing.xcdatamodeld */,
			);
			path = "App Racing";
			sourceTree = "<group>";
		};
		D6F57CE11BB66BD200D51749 /* App RacingTests */ = {
			isa = PBXGroup;
			children = (
				D6F57CE21BB66BD200D51749 /* App_RacingTests.swift */,
				D6F57CE41BB66BD200D51749 /* Info.plist */,
			);
			path = "App RacingTests";
			sourceTree = "<group>";
		};
		D6F57CEC1BB66BD200D51749 /* App RacingUITests */ = {
			isa = PBXGroup;
			children = (
				D6F57CED1BB66BD200D51749 /* App_RacingUITests.swift */,
				D6F57CEF1BB66BD200D51749 /* Info.plist */,
			);
			path = "App RacingUITests";
			sourceTree = "<group>";
		};
/* End PBXGroup section */

/* Begin PBXNativeTarget section */
		D6F57CC61BB66BD200D51749 /* App Racing */ = {
			isa = PBXNativeTarget;
			buildConfigurationList = D6F57CF21BB66BD200D51749 /* Build configuration list for PBXNativeTarget "App Racing" */;
			buildPhases = (
				D6F57CC31BB66BD200D51749 /* Sources */,
				D6F57CC41BB66BD200D51749 /* Frameworks */,
				D6F57CC51BB66BD200D51749 /* Resources */,
			);
			buildRules = (
			);
			dependencies = (
			);
			name = "App Racing";
			productName = "App Racing";
			productReference = D6F57CC71BB66BD200D51749 /* App Racing.app */;
			productType = "com.apple.product-type.application";
		};
		D6F57CDD1BB66BD200D51749 /* App RacingTests */ = {
			isa = PBXNativeTarget;
			buildConfigurationList = D6F57CF51BB66BD200D51749 /* Build configuration list for PBXNativeTarget "App RacingTests" */;
			buildPhases = (
				D6F57CDA1BB66BD200D51749 /* Sources */,
				D6F57CDB1BB66BD200D51749 /* Frameworks */,
				D6F57CDC1BB66BD200D51749 /* Resources */,
			);
			buildRules = (
			);
			dependencies = (
				D6F57CE01BB66BD200D51749 /* PBXTargetDependency */,
			);
			name = "App RacingTests";
			productName = "App RacingTests";
			productReference = D6F57CDE1BB66BD200D51749 /* App RacingTests.xctest */;
			productType = "com.apple.product-type.bundle.unit-test";
		};
		D6F57CE81BB66BD200D51749 /* App RacingUITests */ = {
			isa = PBXNativeTarget;
			buildConfigurationList = D6F57CF81BB66BD200D51749 /* Build configuration list for PBXNativeTarget "App RacingUITests" */;
			buildPhases = (
				D6F57CE51BB66BD200D51749 /* Sources */,
				D6F57CE61BB66BD200D51749 /* Frameworks */,
				D6F57CE71BB66BD200D51749 /* Resources */,
			);
			buildRules = (
			);
			dependencies = (
				D6F57CEB1BB66BD200D51749 /* PBXTargetDependency */,
			);
			name = "App RacingUITests";
			productName = "App RacingUITests";
			productReference = D6F57CE91BB66BD200D51749 /* App RacingUITests.xctest */;
			productType = "com.apple.product-type.bundle.ui-testing";
		};
/* End PBXNativeTarget section */

/* Begin PBXProject section */
		D6F57CBF1BB66BD200D51749 /* Project object */ = {
			isa = PBXProject;
			attributes = {
				LastUpgradeCheck = 0700;
				ORGANIZATIONNAME = "Bang Dao";
				TargetAttributes = {
					D6F57CC61BB66BD200D51749 = {
						CreatedOnToolsVersion = 7.0;
					};
					D6F57CDD1BB66BD200D51749 = {
						CreatedOnToolsVersion = 7.0;
						TestTargetID = D6F57CC61BB66BD200D51749;
					};
					D6F57CE81BB66BD200D51749 = {
						CreatedOnToolsVersion = 7.0;
						TestTargetID = D6F57CC61BB66BD200D51749;
					};
				};
			};
			buildConfigurationList = D6F57CC21BB66BD200D51749 /* Build configuration list for PBXProject "App Racing" */;
			compatibilityVersion = "Xcode 3.2";
			developmentRegion = English;
			hasScannedForEncodings = 0;
			knownRegions = (
				en,
				Base,
			);
			mainGroup = D6F57CBE1BB66BD200D51749;
			productRefGroup = D6F57CC81BB66BD200D51749 /* Products */;
			projectDirPath = "";
			projectRoot = "";
			targets = (
				D6F57CC61BB66BD200D51749 /* App Racing */,
				D6F57CDD1BB66BD200D51749 /* App RacingTests */,
				D6F57CE81BB66BD200D51749 /* App RacingUITests */,
			);
		};
/* End PBXProject section */

/* Begin PBXResourcesBuildPhase section */
		D6F57CC51BB66BD200D51749 /* Resources */ = {
			isa = PBXResourcesBuildPhase;
			buildActionMask = 2147483647;
			files = (
				D6F57CD81BB66BD200D51749 /* LaunchScreen.storyboard in Resources */,
				D6F57CD51BB66BD200D51749 /* Assets.xcassets in Resources */,
				D6F57CD01BB66BD200D51749 /* Main.storyboard in Resources */,
			);
			runOnlyForDeploymentPostprocessing = 0;
		};
		D6F57CDC1BB66BD200D51749 /* Resources */ = {
			isa = PBXResourcesBuildPhase;
			buildActionMask = 2147483647;
			files = (
			);
			runOnlyForDeploymentPostprocessing = 0;
		};
		D6F57CE71BB66BD200D51749 /* Resources */ = {
			isa = PBXResourcesBuildPhase;
			buildActionMask = 2147483647;
			files = (
			);
			runOnlyForDeploymentPostprocessing = 0;
		};
/* End PBXResourcesBuildPhase section */

/* Begin PBXSourcesBuildPhase section */
		D6F57CC31BB66BD200D51749 /* Sources */ = {
			isa = PBXSourcesBuildPhase;
			buildActionMask = 2147483647;
			files = (
				D6F57CCD1BB66BD200D51749 /* ViewController.swift in Sources */,
				D6F57CD31BB66BD200D51749 /* App_Racing.xcdatamodeld in Sources */,
				D6F57CCB1BB66BD200D51749 /* AppDelegate.swift in Sources */,
			);
			runOnlyForDeploymentPostprocessing = 0;
		};
		D6F57CDA1BB66BD200D51749 /* Sources */ = {
			isa = PBXSourcesBuildPhase;
			buildActionMask = 2147483647;
			files = (
				D6F57CE31BB66BD200D51749 /* App_RacingTests.swift in Sources */,
			);
			runOnlyForDeploymentPostprocessing = 0;
		};
		D6F57CE51BB66BD200D51749 /* Sources */ = {
			isa = PBXSourcesBuildPhase;
			buildActionMask = 2147483647;
			files = (
				D6F57CEE1BB66BD200D51749 /* App_RacingUITests.swift in Sources */,
			);
			runOnlyForDeploymentPostprocessing = 0;
		};
/* End PBXSourcesBuildPhase section */

/* Begin PBXTargetDependency section */
		D6F57CE01BB66BD200D51749 /* PBXTargetDependency */ = {
			isa = PBXTargetDependency;
			target = D6F57CC61BB66BD200D51749 /* App Racing */;
			targetProxy = D6F57CDF1BB66BD200D51749 /* PBXContainerItemProxy */;
		};
		D6F57CEB1BB66BD200D51749 /* PBXTargetDependency */ = {
			isa = PBXTargetDependency;
			target = D6F57CC61BB66BD200D51749 /* App Racing */;
			targetProxy = D6F57CEA1BB66BD200D51749 /* PBXContainerItemProxy */;
		};
/* End PBXTargetDependency section */

/* Begin PBXVariantGroup section */
		D6F57CCE1BB66BD200D51749 /* Main.storyboard */ = {
			isa = PBXVariantGroup;
			children = (
				D6F57CCF1BB66BD200D51749 /* Base */,
			);
			name = Main.storyboard;
			sourceTree = "<group>";
		};
		D6F57CD61BB66BD200D51749 /* LaunchScreen.storyboard */ = {
			isa = PBXVariantGroup;
			children = (
				D6F57CD71BB66BD200D51749 /* Base */,
			);
			name = LaunchScreen.storyboard;
			sourceTree = "<group>";
		};
/* End PBXVariantGroup section */

/* Begin XCBuildConfiguration section */
		D6F57CF01BB66BD200D51749 /* Debug */ = {
			isa = XCBuildConfiguration;
			buildSettings = {
				ALWAYS_SEARCH_USER_PATHS = NO;
				CLANG_CXX_LANGUAGE_STANDARD = "gnu++0x";
				CLANG_CXX_LIBRARY = "libc++";
				CLANG_ENABLE_MODULES = YES;
				CLANG_ENABLE_OBJC_ARC = YES;
				CLANG_WARN_BOOL_CONVERSION = YES;
				CLANG_WARN_CONSTANT_CONVERSION = YES;
				CLANG_WARN_DIRECT_OBJC_ISA_USAGE = YES_ERROR;
				CLANG_WARN_EMPTY_BODY = YES;
				CLANG_WARN_ENUM_CONVERSION = YES;
				CLANG_WARN_INT_CONVERSION = YES;
				CLANG_WARN_OBJC_ROOT_CLASS = YES_ERROR;
				CLANG_WARN_UNREACHABLE_CODE = YES;
				CLANG_WARN__DUPLICATE_METHOD_MATCH = YES;
				"CODE_SIGN_IDENTITY[sdk=iphoneos*]" = "iPhone Developer";
				COPY_PHASE_STRIP = NO;
				DEBUG_INFORMATION_FORMAT = dwarf;
				ENABLE_STRICT_OBJC_MSGSEND = YES;
				ENABLE_TESTABILITY = YES;
				GCC_C_LANGUAGE_STANDARD = gnu99;
				GCC_DYNAMIC_NO_PIC = NO;
				GCC_NO_COMMON_BLOCKS = YES;
				GCC_OPTIMIZATION_LEVEL = 0;
				GCC_PREPROCESSOR_DEFINITIONS = (
					"DEBUG=1",
					"$(inherited)",
				);
				GCC_WARN_64_TO_32_BIT_CONVERSION = YES;
				GCC_WARN_ABOUT_RETURN_TYPE = YES_ERROR;
				GCC_WARN_UNDECLARED_SELECTOR = YES;
				GCC_WARN_UNINITIALIZED_AUTOS = YES_AGGRESSIVE;
				GCC_WARN_UNUSED_FUNCTION = YES;
				GCC_WARN_UNUSED_VARIABLE = YES;
				IPHONEOS_DEPLOYMENT_TARGET = 9.0;
				MTL_ENABLE_DEBUG_INFO = YES;
				ONLY_ACTIVE_ARCH = YES;
				SDKROOT = iphoneos;
				SWIFT_OPTIMIZATION_LEVEL = "-Onone";
			};
			name = Debug;
		};
		D6F57CF11BB66BD200D51749 /* Release */ = {
			isa = XCBuildConfiguration;
			buildSettings = {
				ALWAYS_SEARCH_USER_PATHS = NO;
				CLANG_CXX_LANGUAGE_STANDARD = "gnu++0x";
				CLANG_CXX_LIBRARY = "libc++";
				CLANG_ENABLE_MODULES = YES;
				CLANG_ENABLE_OBJC_ARC = YES;
				CLANG_WARN_BOOL_CONVERSION = YES;
				CLANG_WARN_CONSTANT_CONVERSION = YES;
				CLANG_WARN_DIRECT_OBJC_ISA_USAGE = YES_ERROR;
				CLANG_WARN_EMPTY_BODY = YES;
				CLANG_WARN_ENUM_CONVERSION = YES;
				CLANG_WARN_INT_CONVERSION = YES;
				CLANG_WARN_OBJC_ROOT_CLASS = YES_ERROR;
				CLANG_WARN_UNREACHABLE_CODE = YES;
				CLANG_WARN__DUPLICATE_METHOD_MATCH = YES;
				"CODE_SIGN_IDENTITY[sdk=iphoneos*]" = "iPhone Developer";
				COPY_PHASE_STRIP = NO;
				DEBUG_INFORMATION_FORMAT = "dwarf-with-dsym";
				ENABLE_NS_ASSERTIONS = NO;
				ENABLE_STRICT_OBJC_MSGSEND = YES;
				GCC_C_LANGUAGE_STANDARD = gnu99;
				GCC_NO_COMMON_BLOCKS = YES;
				GCC_WARN_64_TO_32_BIT_CONVERSION = YES;
				GCC_WARN_ABOUT_RETURN_TYPE = YES_ERROR;
				GCC_WARN_UNDECLARED_SELECTOR = YES;
				GCC_WARN_UNINITIALIZED_AUTOS = YES_AGGRESSIVE;
				GCC_WARN_UNUSED_FUNCTION = YES;
				GCC_WARN_UNUSED_VARIABLE = YES;
				IPHONEOS_DEPLOYMENT_TARGET = 9.0;
				MTL_ENABLE_DEBUG_INFO = NO;
				SDKROOT = iphoneos;
				VALIDATE_PRODUCT = YES;
			};
			name = Release;
		};
		D6F57CF31BB66BD200D51749 /* Debug */ = {
			isa = XCBuildConfiguration;
			buildSettings = {
				ASSETCATALOG_COMPILER_APPICON_NAME = AppIcon;
				INFOPLIST_FILE = "App Racing/Info.plist";
				LD_RUNPATH_SEARCH_PATHS = "$(inherited) @executable_path/Frameworks";
				PRODUCT_BUNDLE_IDENTIFIER = "com.bangdao.App-Racing";
				PRODUCT_NAME = "$(TARGET_NAME)";
			};
			name = Debug;
		};
		D6F57CF41BB66BD200D51749 /* Release */ = {
			isa = XCBuildConfiguration;
			buildSettings = {
				ASSETCATALOG_COMPILER_APPICON_NAME = AppIcon;
				INFOPLIST_FILE = "App Racing/Info.plist";
				LD_RUNPATH_SEARCH_PATHS = "$(inherited) @executable_path/Frameworks";
				PRODUCT_BUNDLE_IDENTIFIER = "com.bangdao.App-Racing";
				PRODUCT_NAME = "$(TARGET_NAME)";
			};
			name = Release;
		};
		D6F57CF61BB66BD200D51749 /* Debug */ = {
			isa = XCBuildConfiguration;
			buildSettings = {
				BUNDLE_LOADER = "$(TEST_HOST)";
				INFOPLIST_FILE = "App RacingTests/Info.plist";
				LD_RUNPATH_SEARCH_PATHS = "$(inherited) @executable_path/Frameworks @loader_path/Frameworks";
				PRODUCT_BUNDLE_IDENTIFIER = "com.bangdao.App-RacingTests";
				PRODUCT_NAME = "$(TARGET_NAME)";
				TEST_HOST = "$(BUILT_PRODUCTS_DIR)/App Racing.app/App Racing";
			};
			name = Debug;
		};
		D6F57CF71BB66BD200D51749 /* Release */ = {
			isa = XCBuildConfiguration;
			buildSettings = {
				BUNDLE_LOADER = "$(TEST_HOST)";
				INFOPLIST_FILE = "App RacingTests/Info.plist";
				LD_RUNPATH_SEARCH_PATHS = "$(inherited) @executable_path/Frameworks @loader_path/Frameworks";
				PRODUCT_BUNDLE_IDENTIFIER = "com.bangdao.App-RacingTests";
				PRODUCT_NAME = "$(TARGET_NAME)";
				TEST_HOST = "$(BUILT_PRODUCTS_DIR)/App Racing.app/App Racing";
			};
			name = Release;
		};
		D6F57CF91BB66BD200D51749 /* Debug */ = {
			isa = XCBuildConfiguration;
			buildSettings = {
				INFOPLIST_FILE = "App RacingUITests/Info.plist";
				LD_RUNPATH_SEARCH_PATHS = "$(inherited) @executable_path/Frameworks @loader_path/Frameworks";
				PRODUCT_BUNDLE_IDENTIFIER = "com.bangdao.App-RacingUITests";
				PRODUCT_NAME = "$(TARGET_NAME)";
				TEST_TARGET_NAME = "App Racing";
				USES_XCTRUNNER = YES;
			};
			name = Debug;
		};
		D6F57CFA1BB66BD200D51749 /* Release */ = {
			isa = XCBuildConfiguration;
			buildSettings = {
				INFOPLIST_FILE = "App RacingUITests/Info.plist";
				LD_RUNPATH_SEARCH_PATHS = "$(inherited) @executable_path/Frameworks @loader_path/Frameworks";
				PRODUCT_BUNDLE_IDENTIFIER = "com.bangdao.App-RacingUITests";
				PRODUCT_NAME = "$(TARGET_NAME)";
				TEST_TARGET_NAME = "App Racing";
				USES_XCTRUNNER = YES;
			};
			name = Release;
		};
/* End XCBuildConfiguration section */

/* Begin XCConfigurationList section */
		D6F57CC21BB66BD200D51749 /* Build configuration list for PBXProject "App Racing" */ = {
			isa = XCConfigurationList;
			buildConfigurations = (
				D6F57CF01BB66BD200D51749 /* Debug */,
				D6F57CF11BB66BD200D51749 /* Release */,
			);
			defaultConfigurationIsVisible = 0;
			defaultConfigurationName = Release;
		};
		D6F57CF21BB66BD200D51749 /* Build configuration list for PBXNativeTarget "App Racing" */ = {
			isa = XCConfigurationList;
			buildConfigurations = (
				D6F57CF31BB66BD200D51749 /* Debug */,
				D6F57CF41BB66BD200D51749 /* Release */,
			);
			defaultConfigurationIsVisible = 0;
		};
		D6F57CF51BB66BD200D51749 /* Build configuration list for PBXNativeTarget "App RacingTests" */ = {
			isa = XCConfigurationList;
			buildConfigurations = (
				D6F57CF61BB66BD200D51749 /* Debug */,
				D6F57CF71BB66BD200D51749 /* Release */,
			);
			defaultConfigurationIsVisible = 0;
		};
		D6F57CF81BB66BD200D51749 /* Build configuration list for PBXNativeTarget "App RacingUITests" */ = {
			isa = XCConfigurationList;
			buildConfigurations = (
				D6F57CF91BB66BD200D51749 /* Debug */,
				D6F57CFA1BB66BD200D51749 /* Release */,
			);
			defaultConfigurationIsVisible = 0;
		};
/* End XCConfigurationList section */

/* Begin XCVersionGroup section */
		D6F57CD11BB66BD200D51749 /* App_Racing.xcdatamodeld */ = {
			isa = XCVersionGroup;
			children = (
				D6F57CD21BB66BD200D51749 /* App_Racing.xcdatamodel */,
			);
			currentVersion = D6F57CD21BB66BD200D51749 /* App_Racing.xcdatamodel */;
			path = App_Racing.xcdatamodeld;
			sourceTree = "<group>";
			versionGroupType = wrapper.xcdatamodel;
		};
/* End XCVersionGroup section */
	};
	rootObject = D6F57CBF1BB66BD200D51749 /* Project object */;
}
